# This file was autogenerated by Stack.
# You should not edit this file by hand.
# For more information, please see the documentation at:
#   https://docs.haskellstack.org/en/stable/lock_files

packages:
- completed:
    hackage: codeworld-api-0.2.0.0@sha256:2778cb52d1c3e3f6f98049062d3486b8983e173bad4b3b39a3c619e6bb576ccc,1514
    pantry-tree:
      size: 472
      sha256: 474b2aad9afdba10d72157acdd77c3c57dbf32c1802d81e59a07636ddde28d2c
  original:
    hackage: codeworld-api-0.2.0.0@sha256:2778cb52d1c3e3f6f98049062d3486b8983e173bad4b3b39a3c619e6bb576ccc,1514
snapshots:
- completed:
    size: 424557
    url: https://raw.githubusercontent.com/commercialhaskell/stackage-snapshots/master/lts/6/24.yaml
    sha256: 9d3250ce23b40d596f772bb6b6a94751ae39a7c4077050247eea5c4975bb942d
  original: lts-6.24
